
Microsoft Visual Studio Solution File, Format Version 12.00
# Visual Studio Version 17
VisualStudioVersion = 17.3.32922.545
MinimumVisualStudioVersion = 10.0.40219.1
Project("{FAE04EC0-301F-11D3-BF4B-00C04F79EFBC}") = "ROCK_PAPER_SCISSORS", "ROCK_PAPER_SCISSORS.csproj", "{465F2904-DC26-45EC-A7D3-D902BB593445}"
EndProject
Global
	GlobalSection(SolutionConfigurationPlatforms) = preSolution
		Debug|Any CPU = Debug|Any CPU
		Release|Any CPU = Release|Any CPU
	EndGlobalSection
	GlobalSection(ProjectConfigurationPlatforms) = postSolution
		{465F2904-DC26-45EC-A7D3-D902BB593445}.Debug|Any CPU.ActiveCfg = Debug|Any CPU
		{465F2904-DC26-45EC-A7D3-D902BB593445}.Debug|Any CPU.Build.0 = Debug|Any CPU
		{465F2904-DC26-45EC-A7D3-D902BB593445}.Release|Any CPU.ActiveCfg = Release|Any CPU
		{465F2904-DC26-45EC-A7D3-D902BB593445}.Release|Any CPU.Build.0 = Release|Any CPU
	EndGlobalSection
	GlobalSection(SolutionProperties) = preSolution
		HideSolutionNode = FALSE
	EndGlobalSection
	GlobalSection(ExtensibilityGlobals) = postSolution
		SolutionGuid = {BC0CC615-3F6E-476E-A0B6-3D6890425419}
	EndGlobalSection
EndGlobal
