
Microsoft Visual Studio Solution File, Format Version 12.00
# Visual Studio Version 17
VisualStudioVersion = 17.3.32922.545
MinimumVisualStudioVersion = 10.0.40219.1
Project("{FAE04EC0-301F-11D3-BF4B-00C04F79EFBC}") = "TicTacToe", "TicTacToe\TicTacToe.csproj", "{70FC526E-E56B-4347-9942-45B65D007CD4}"
EndProject
Global
	GlobalSection(SolutionConfigurationPlatforms) = preSolution
		Debug|Any CPU = Debug|Any CPU
		Release|Any CPU = Release|Any CPU
	EndGlobalSection
	GlobalSection(ProjectConfigurationPlatforms) = postSolution
		{70FC526E-E56B-4347-9942-45B65D007CD4}.Debug|Any CPU.ActiveCfg = Debug|Any CPU
		{70FC526E-E56B-4347-9942-45B65D007CD4}.Debug|Any CPU.Build.0 = Debug|Any CPU
		{70FC526E-E56B-4347-9942-45B65D007CD4}.Release|Any CPU.ActiveCfg = Release|Any CPU
		{70FC526E-E56B-4347-9942-45B65D007CD4}.Release|Any CPU.Build.0 = Release|Any CPU
	EndGlobalSection
	GlobalSection(SolutionProperties) = preSolution
		HideSolutionNode = FALSE
	EndGlobalSection
	GlobalSection(ExtensibilityGlobals) = postSolution
		SolutionGuid = {5D8B9E08-A2EE-448D-924D-646298FEA3FE}
	EndGlobalSection
EndGlobal
